
Microsoft Visual Studio Solution File, Format Version 12.00
# Visual Studio 15
VisualStudioVersion = 15.0.28307.271
MinimumVisualStudioVersion = 10.0.40219.1
Project("{9A19103F-16F7-4668-BE54-9A1E7A4F7556}") = "LeoPetri.Common.Domains", "src\LeoPetri.Common.Domains\LeoPetri.Common.Domains.csproj", "{3BB6B2F8-BE4F-47CC-9024-C1DD4AD7C8F9}"
EndProject
Project("{9A19103F-16F7-4668-BE54-9A1E7A4F7556}") = "LeoPetri.Common.Domains.UnitTest", "tests\LeoPetri.Common.Domains.UnitTest\LeoPetri.Common.Domains.UnitTest.csproj", "{F581C308-F7F6-4843-8BF8-F9A75D4A76D7}"
EndProject
Project("{2150E333-8FDC-42A3-9474-1A3956D46DE8}") = "src", "src", "{D155EA54-44D6-4900-9394-EA0444563685}"
EndProject
Project("{2150E333-8FDC-42A3-9474-1A3956D46DE8}") = "tests", "tests", "{1363FC89-213A-4750-9DD8-7A71B503FD9E}"
EndProject
Global
	GlobalSection(SolutionConfigurationPlatforms) = preSolution
		Debug|Any CPU = Debug|Any CPU
		Release|Any CPU = Release|Any CPU
	EndGlobalSection
	GlobalSection(ProjectConfigurationPlatforms) = postSolution
		{3BB6B2F8-BE4F-47CC-9024-C1DD4AD7C8F9}.Debug|Any CPU.ActiveCfg = Debug|Any CPU
		{3BB6B2F8-BE4F-47CC-9024-C1DD4AD7C8F9}.Debug|Any CPU.Build.0 = Debug|Any CPU
		{3BB6B2F8-BE4F-47CC-9024-C1DD4AD7C8F9}.Release|Any CPU.ActiveCfg = Release|Any CPU
		{3BB6B2F8-BE4F-47CC-9024-C1DD4AD7C8F9}.Release|Any CPU.Build.0 = Release|Any CPU
		{F581C308-F7F6-4843-8BF8-F9A75D4A76D7}.Debug|Any CPU.ActiveCfg = Debug|Any CPU
		{F581C308-F7F6-4843-8BF8-F9A75D4A76D7}.Debug|Any CPU.Build.0 = Debug|Any CPU
		{F581C308-F7F6-4843-8BF8-F9A75D4A76D7}.Release|Any CPU.ActiveCfg = Release|Any CPU
		{F581C308-F7F6-4843-8BF8-F9A75D4A76D7}.Release|Any CPU.Build.0 = Release|Any CPU
	EndGlobalSection
	GlobalSection(SolutionProperties) = preSolution
		HideSolutionNode = FALSE
	EndGlobalSection
	GlobalSection(NestedProjects) = preSolution
		{3BB6B2F8-BE4F-47CC-9024-C1DD4AD7C8F9} = {D155EA54-44D6-4900-9394-EA0444563685}
		{F581C308-F7F6-4843-8BF8-F9A75D4A76D7} = {1363FC89-213A-4750-9DD8-7A71B503FD9E}
	EndGlobalSection
	GlobalSection(ExtensibilityGlobals) = postSolution
		SolutionGuid = {7CB59CAA-E2C2-4F18-9EF6-5EBD99CCC502}
	EndGlobalSection
EndGlobal
